
Microsoft Visual Studio Solution File, Format Version 12.00
# Visual Studio Version 17
VisualStudioVersion = 17.9.34728.123
MinimumVisualStudioVersion = 10.0.40219.1
Project("{9A19103F-16F7-4668-BE54-9A1E7A4F7556}") = "Microservicio1_Clientes", "Microservicio1_Clientes.csproj", "{D083731E-8721-478C-80CC-9337DB62DABA}"
EndProject
Project("{FAE04EC0-301F-11D3-BF4B-00C04F79EFBC}") = "Microservicio2_Movimientos", "..\Microservicio2_Movimientos\Microservicio2_Movimientos.csproj", "{32D460CD-D985-42E5-AE68-E95A23D2AF11}"
EndProject
Global
	GlobalSection(SolutionConfigurationPlatforms) = preSolution
		Debug|Any CPU = Debug|Any CPU
		Release|Any CPU = Release|Any CPU
	EndGlobalSection
	GlobalSection(ProjectConfigurationPlatforms) = postSolution
		{D083731E-8721-478C-80CC-9337DB62DABA}.Debug|Any CPU.ActiveCfg = Debug|Any CPU
		{D083731E-8721-478C-80CC-9337DB62DABA}.Debug|Any CPU.Build.0 = Debug|Any CPU
		{D083731E-8721-478C-80CC-9337DB62DABA}.Release|Any CPU.ActiveCfg = Release|Any CPU
		{D083731E-8721-478C-80CC-9337DB62DABA}.Release|Any CPU.Build.0 = Release|Any CPU
		{32D460CD-D985-42E5-AE68-E95A23D2AF11}.Debug|Any CPU.ActiveCfg = Debug|Any CPU
		{32D460CD-D985-42E5-AE68-E95A23D2AF11}.Debug|Any CPU.Build.0 = Debug|Any CPU
		{32D460CD-D985-42E5-AE68-E95A23D2AF11}.Release|Any CPU.ActiveCfg = Release|Any CPU
		{32D460CD-D985-42E5-AE68-E95A23D2AF11}.Release|Any CPU.Build.0 = Release|Any CPU
	EndGlobalSection
	GlobalSection(SolutionProperties) = preSolution
		HideSolutionNode = FALSE
	EndGlobalSection
	GlobalSection(ExtensibilityGlobals) = postSolution
		SolutionGuid = {6C4744DC-73AC-4711-A7E2-78C578723879}
	EndGlobalSection
EndGlobal
